Microsoft Visual Studio Solution File, Format Version 11.00
# Visual Studio 2008

Project("{8E5AA6DA-9A83-C106-3684-617C76DF65E3}") = "DaGame", "Assembly-CSharp-firstpass.csproj", "{1584DB2F-8E37-5427-8912-456B051A9963}"
EndProject
Project("{8E5AA6DA-9A83-C106-3684-617C76DF65E3}") = "DaGame", "Assembly-CSharp.csproj", "{0B756F08-CD1B-7E5A-9069-3303904565FF}"
EndProject
Project("{8E5AA6DA-9A83-C106-3684-617C76DF65E3}") = "DaGame", "Assembly-CSharp-Editor.csproj", "{A6780CE9-74B0-E068-5070-0269797696E5}"
EndProject
Project("{8E5AA6DA-9A83-C106-3684-617C76DF65E3}") = "DaGame", "Assembly-UnityScript-firstpass.unityproj", "{2843706A-FA51-EB0D-2F7B-AB2F31B6046E}"
EndProject
Global
	GlobalSection(SolutionConfigurationPlatforms) = preSolution
		Debug|Any CPU = Debug|Any CPU
		Release|Any CPU = Release|Any CPU
	EndGlobalSection
	GlobalSection(ProjectConfigurationPlatforms) = postSolution
		{1584DB2F-8E37-5427-8912-456B051A9963}.Debug|Any CPU.ActiveCfg = Debug|Any CPU
		{1584DB2F-8E37-5427-8912-456B051A9963}.Debug|Any CPU.Build.0 = Debug|Any CPU
		{1584DB2F-8E37-5427-8912-456B051A9963}.Release|Any CPU.ActiveCfg = Release|Any CPU
		{1584DB2F-8E37-5427-8912-456B051A9963}.Release|Any CPU.Build.0 = Release|Any CPU
		{0B756F08-CD1B-7E5A-9069-3303904565FF}.Debug|Any CPU.ActiveCfg = Debug|Any CPU
		{0B756F08-CD1B-7E5A-9069-3303904565FF}.Debug|Any CPU.Build.0 = Debug|Any CPU
		{0B756F08-CD1B-7E5A-9069-3303904565FF}.Release|Any CPU.ActiveCfg = Release|Any CPU
		{0B756F08-CD1B-7E5A-9069-3303904565FF}.Release|Any CPU.Build.0 = Release|Any CPU
		{A6780CE9-74B0-E068-5070-0269797696E5}.Debug|Any CPU.ActiveCfg = Debug|Any CPU
		{A6780CE9-74B0-E068-5070-0269797696E5}.Debug|Any CPU.Build.0 = Debug|Any CPU
		{A6780CE9-74B0-E068-5070-0269797696E5}.Release|Any CPU.ActiveCfg = Release|Any CPU
		{A6780CE9-74B0-E068-5070-0269797696E5}.Release|Any CPU.Build.0 = Release|Any CPU
		{2843706A-FA51-EB0D-2F7B-AB2F31B6046E}.Debug|Any CPU.ActiveCfg = Debug|Any CPU
		{2843706A-FA51-EB0D-2F7B-AB2F31B6046E}.Debug|Any CPU.Build.0 = Debug|Any CPU
		{2843706A-FA51-EB0D-2F7B-AB2F31B6046E}.Release|Any CPU.ActiveCfg = Release|Any CPU
		{2843706A-FA51-EB0D-2F7B-AB2F31B6046E}.Release|Any CPU.Build.0 = Release|Any CPU
	EndGlobalSection
	GlobalSection(SolutionProperties) = preSolution
		HideSolutionNode = FALSE
	EndGlobalSection
						GlobalSection(MonoDevelopProperties) = preSolution
		StartupItem = Assembly-CSharp.csproj
		Policies = $0
		$0.TextStylePolicy = $1
		$1.inheritsSet = null
		$1.scope = text/x-csharp
		$0.CSharpFormattingPolicy = $2
		$2.inheritsSet = Mono
		$2.inheritsScope = text/x-csharp
		$2.scope = text/x-csharp
		$0.TextStylePolicy = $3
		$3.FileWidth = 120
		$3.TabWidth = 4
		$3.EolMarker = Unix
		$3.inheritsSet = Mono
		$3.inheritsScope = text/plain
		$3.scope = text/plain
	EndGlobalSection

EndGlobal
